#
# This file is autogenerated by pip-compile with Python 3.12
# by the following command:
#
#    pip-compile --output-file=requirements.lock requirements.in
#
-e .[viz]
    # via -[viz]
blinker==1.9.0
    # via flask
click==8.3.1
    # via flask
contourpy==1.3.3
    # via matplotlib
cycler==0.12.1
    # via matplotlib
flask==3.1.2
    # via
    #   -r kira-local-system/requirements.txt
    #   flask-cors
flask-cors==6.0.2
    # via -r kira-local-system/requirements.txt
fonttools==4.61.1
    # via matplotlib
itsdangerous==2.2.0
    # via flask
jinja2==3.1.6
    # via flask
kiwisolver==1.4.9
    # via matplotlib
markupsafe==3.0.3
    # via
    #   flask
    #   jinja2
    #   werkzeug
matplotlib==3.10.8
    # via helix-engine
numpy==2.3.5
    # via
    #   contourpy
    #   helix-engine
    #   matplotlib
packaging==25.0
    # via matplotlib
pillow==12.0.0
    # via matplotlib
pyparsing==3.2.5
    # via matplotlib
python-dateutil==2.9.0.post0
    # via matplotlib
pyyaml==6.0.3
    # via helix-engine
six==1.17.0
    # via python-dateutil
werkzeug==3.1.4
    # via
    #   flask
    #   flask-cors
